
Microsoft Visual Studio Solution File, Format Version 12.00
# Visual Studio Version 17
VisualStudioVersion = 17.4.33122.133
MinimumVisualStudioVersion = 10.0.40219.1
Project("{FAE04EC0-301F-11D3-BF4B-00C04F79EFBC}") = "RegularExpressionTest", "RegularExpressionTest\RegularExpressionTest.csproj", "{07378E9B-18E2-4962-A2B4-5FEA0E66345B}"
EndProject
Project("{FAE04EC0-301F-11D3-BF4B-00C04F79EFBC}") = "RegularExpressionTestProgram", "RegularExpressionTestProgram\RegularExpressionTestProgram.csproj", "{3BCF6B14-7D78-4DE9-B956-D25091AB7C00}"
EndProject
Global
	GlobalSection(SolutionConfigurationPlatforms) = preSolution
		Debug|Any CPU = Debug|Any CPU
		Release|Any CPU = Release|Any CPU
	EndGlobalSection
	GlobalSection(ProjectConfigurationPlatforms) = postSolution
		{07378E9B-18E2-4962-A2B4-5FEA0E66345B}.Debug|Any CPU.ActiveCfg = Debug|Any CPU
		{07378E9B-18E2-4962-A2B4-5FEA0E66345B}.Debug|Any CPU.Build.0 = Debug|Any CPU
		{07378E9B-18E2-4962-A2B4-5FEA0E66345B}.Release|Any CPU.ActiveCfg = Release|Any CPU
		{07378E9B-18E2-4962-A2B4-5FEA0E66345B}.Release|Any CPU.Build.0 = Release|Any CPU
		{3BCF6B14-7D78-4DE9-B956-D25091AB7C00}.Debug|Any CPU.ActiveCfg = Debug|Any CPU
		{3BCF6B14-7D78-4DE9-B956-D25091AB7C00}.Debug|Any CPU.Build.0 = Debug|Any CPU
		{3BCF6B14-7D78-4DE9-B956-D25091AB7C00}.Release|Any CPU.ActiveCfg = Release|Any CPU
		{3BCF6B14-7D78-4DE9-B956-D25091AB7C00}.Release|Any CPU.Build.0 = Release|Any CPU
	EndGlobalSection
	GlobalSection(SolutionProperties) = preSolution
		HideSolutionNode = FALSE
	EndGlobalSection
	GlobalSection(ExtensibilityGlobals) = postSolution
		SolutionGuid = {07A5A6F0-3D56-41CF-9486-2B333B79ED58}
	EndGlobalSection
EndGlobal
